{
  "name": "multibaas-sample-hardhat-project",
  "version": "1.0.0",
  "lockfileVersion": 3,
  "requires": true,
  "packages": {
    "": {
      "name": "multibaas-sample-hardhat-project",
      "version": "1.0.0",
      "dependencies": {
        "multibaas-sample-hardhat-project": "file:"
      }
    },
    "node_modules/multibaas-sample-hardhat-project": {
      "resolved": "",
      "link": true
    }
  }
}
